
Microsoft Visual Studio Solution File, Format Version 12.00
# Visual Studio Version 17
VisualStudioVersion = 17.4.33213.308
MinimumVisualStudioVersion = 10.0.40219.1
Project("{FAE04EC0-301F-11D3-BF4B-00C04F79EFBC}") = "NewProject.Server", "Server\NewProject.Server.csproj", "{3EC8F59A-26AA-4E83-8B44-7A76D15D32A6}"
EndProject
Project("{FAE04EC0-301F-11D3-BF4B-00C04F79EFBC}") = "NewProject.Client", "Client\NewProject.Client.csproj", "{5D6999B4-471B-4E6C-A44B-736377AE4DC5}"
EndProject
Project("{FAE04EC0-301F-11D3-BF4B-00C04F79EFBC}") = "NewProject.Shared", "Shared\NewProject.Shared.csproj", "{4F558639-2361-4D53-AC5B-7F9CFE8A0EC5}"
EndProject
Global
	GlobalSection(SolutionConfigurationPlatforms) = preSolution
		Debug|Any CPU = Debug|Any CPU
		Release|Any CPU = Release|Any CPU
	EndGlobalSection
	GlobalSection(ProjectConfigurationPlatforms) = postSolution
		{3EC8F59A-26AA-4E83-8B44-7A76D15D32A6}.Debug|Any CPU.ActiveCfg = Debug|Any CPU
		{3EC8F59A-26AA-4E83-8B44-7A76D15D32A6}.Debug|Any CPU.Build.0 = Debug|Any CPU
		{3EC8F59A-26AA-4E83-8B44-7A76D15D32A6}.Release|Any CPU.ActiveCfg = Release|Any CPU
		{3EC8F59A-26AA-4E83-8B44-7A76D15D32A6}.Release|Any CPU.Build.0 = Release|Any CPU
		{5D6999B4-471B-4E6C-A44B-736377AE4DC5}.Debug|Any CPU.ActiveCfg = Debug|Any CPU
		{5D6999B4-471B-4E6C-A44B-736377AE4DC5}.Debug|Any CPU.Build.0 = Debug|Any CPU
		{5D6999B4-471B-4E6C-A44B-736377AE4DC5}.Release|Any CPU.ActiveCfg = Release|Any CPU
		{5D6999B4-471B-4E6C-A44B-736377AE4DC5}.Release|Any CPU.Build.0 = Release|Any CPU
		{4F558639-2361-4D53-AC5B-7F9CFE8A0EC5}.Debug|Any CPU.ActiveCfg = Debug|Any CPU
		{4F558639-2361-4D53-AC5B-7F9CFE8A0EC5}.Debug|Any CPU.Build.0 = Debug|Any CPU
		{4F558639-2361-4D53-AC5B-7F9CFE8A0EC5}.Release|Any CPU.ActiveCfg = Release|Any CPU
		{4F558639-2361-4D53-AC5B-7F9CFE8A0EC5}.Release|Any CPU.Build.0 = Release|Any CPU
	EndGlobalSection
	GlobalSection(SolutionProperties) = preSolution
		HideSolutionNode = FALSE
	EndGlobalSection
	GlobalSection(ExtensibilityGlobals) = postSolution
		SolutionGuid = {9C6791DD-FA37-4CC3-BA54-DF267B610456}
	EndGlobalSection
EndGlobal
